// !$*UTF8*$!
{
	archiveVersion = 1;
	classes = {
	};
	objectVersion = 56;
	objects = {

/* Begin PBXBuildFile section */
		9512AD41290BACC600C4C288 /* main.swift in Sources */ = {isa = PBXBuildFile; fileRef = 9512AD40290BACC600C4C288 /* main.swift */; };
		9512AD48290BAFB300C4C288 /* PizzaStore.swift in Sources */ = {isa = PBXBuildFile; fileRef = 9512AD47290BAFB300C4C288 /* PizzaStore.swift */; };
		9512AD4A290BB0E200C4C288 /* Pizza.swift in Sources */ = {isa = PBXBuildFile; fileRef = 9512AD49290BB0E200C4C288 /* Pizza.swift */; };
		9512AD4E290BB48F00C4C288 /* NYPizzaStore.swift in Sources */ = {isa = PBXBuildFile; fileRef = 9512AD4D290BB48F00C4C288 /* NYPizzaStore.swift */; };
		9512AD50290BB58700C4C288 /* PizzaType.swift in Sources */ = {isa = PBXBuildFile; fileRef = 9512AD4F290BB58700C4C288 /* PizzaType.swift */; };
		9512AD52290BB8B800C4C288 /* ChicagoPizzaStore.swift in Sources */ = {isa = PBXBuildFile; fileRef = 9512AD51290BB8B800C4C288 /* ChicagoPizzaStore.swift */; };
/* End PBXBuildFile section */

/* Begin PBXCopyFilesBuildPhase section */
		9512AD3B290BACC600C4C288 /* CopyFiles */ = {
			isa = PBXCopyFilesBuildPhase;
			buildActionMask = 2147483647;
			dstPath = /usr/share/man/man1/;
			dstSubfolderSpec = 0;
			files = (
			);
			runOnlyForDeploymentPostprocessing = 1;
		};
/* End PBXCopyFilesBuildPhase section */

/* Begin PBXFileReference section */
		9512AD3D290BACC600C4C288 /* factory-method_pattern */ = {isa = PBXFileReference; explicitFileType = "compiled.mach-o.executable"; includeInIndex = 0; path = "factory-method_pattern"; sourceTree = BUILT_PRODUCTS_DIR; };
		9512AD40290BACC600C4C288 /* main.swift */ = {isa = PBXFileReference; lastKnownFileType = sourcecode.swift; path = main.swift; sourceTree = "<group>"; };
		9512AD47290BAFB300C4C288 /* PizzaStore.swift */ = {isa = PBXFileReference; lastKnownFileType = sourcecode.swift; path = PizzaStore.swift; sourceTree = "<group>"; };
		9512AD49290BB0E200C4C288 /* Pizza.swift */ = {isa = PBXFileReference; lastKnownFileType = sourcecode.swift; path = Pizza.swift; sourceTree = "<group>"; };
		9512AD4D290BB48F00C4C288 /* NYPizzaStore.swift */ = {isa = PBXFileReference; lastKnownFileType = sourcecode.swift; path = NYPizzaStore.swift; sourceTree = "<group>"; };
		9512AD4F290BB58700C4C288 /* PizzaType.swift */ = {isa = PBXFileReference; lastKnownFileType = sourcecode.swift; path = PizzaType.swift; sourceTree = "<group>"; };
		9512AD51290BB8B800C4C288 /* ChicagoPizzaStore.swift */ = {isa = PBXFileReference; lastKnownFileType = sourcecode.swift; path = ChicagoPizzaStore.swift; sourceTree = "<group>"; };
/* End PBXFileReference section */

/* Begin PBXFrameworksBuildPhase section */
		9512AD3A290BACC600C4C288 /* Frameworks */ = {
			isa = PBXFrameworksBuildPhase;
			buildActionMask = 2147483647;
			files = (
			);
			runOnlyForDeploymentPostprocessing = 0;
		};
/* End PBXFrameworksBuildPhase section */

/* Begin PBXGroup section */
		9512AD34290BACC600C4C288 = {
			isa = PBXGroup;
			children = (
				9512AD3F290BACC600C4C288 /* factory-method_pattern */,
				9512AD3E290BACC600C4C288 /* Products */,
			);
			sourceTree = "<group>";
		};
		9512AD3E290BACC600C4C288 /* Products */ = {
			isa = PBXGroup;
			children = (
				9512AD3D290BACC600C4C288 /* factory-method_pattern */,
			);
			name = Products;
			sourceTree = "<group>";
		};
		9512AD3F290BACC600C4C288 /* factory-method_pattern */ = {
			isa = PBXGroup;
			children = (
				9512AD4B290BB46200C4C288 /* Source */,
				9512AD40290BACC600C4C288 /* main.swift */,
			);
			path = "factory-method_pattern";
			sourceTree = "<group>";
		};
		9512AD4B290BB46200C4C288 /* Source */ = {
			isa = PBXGroup;
			children = (
				9512AD4C290BB47300C4C288 /* PizzaStores */,
				9512AD49290BB0E200C4C288 /* Pizza.swift */,
				9512AD47290BAFB300C4C288 /* PizzaStore.swift */,
				9512AD4F290BB58700C4C288 /* PizzaType.swift */,
			);
			path = Source;
			sourceTree = "<group>";
		};
		9512AD4C290BB47300C4C288 /* PizzaStores */ = {
			isa = PBXGroup;
			children = (
				9512AD4D290BB48F00C4C288 /* NYPizzaStore.swift */,
				9512AD51290BB8B800C4C288 /* ChicagoPizzaStore.swift */,
			);
			path = PizzaStores;
			sourceTree = "<group>";
		};
/* End PBXGroup section */

/* Begin PBXNativeTarget section */
		9512AD3C290BACC600C4C288 /* factory-method_pattern */ = {
			isa = PBXNativeTarget;
			buildConfigurationList = 9512AD44290BACC600C4C288 /* Build configuration list for PBXNativeTarget "factory-method_pattern" */;
			buildPhases = (
				9512AD39290BACC600C4C288 /* Sources */,
				9512AD3A290BACC600C4C288 /* Frameworks */,
				9512AD3B290BACC600C4C288 /* CopyFiles */,
			);
			buildRules = (
			);
			dependencies = (
			);
			name = "factory-method_pattern";
			productName = "factory-method_pattern";
			productReference = 9512AD3D290BACC600C4C288 /* factory-method_pattern */;
			productType = "com.apple.product-type.tool";
		};
/* End PBXNativeTarget section */

/* Begin PBXProject section */
		9512AD35290BACC600C4C288 /* Project object */ = {
			isa = PBXProject;
			attributes = {
				BuildIndependentTargetsInParallel = 1;
				LastSwiftUpdateCheck = 1400;
				LastUpgradeCheck = 1400;
				TargetAttributes = {
					9512AD3C290BACC600C4C288 = {
						CreatedOnToolsVersion = 14.0.1;
					};
				};
			};
			buildConfigurationList = 9512AD38290BACC600C4C288 /* Build configuration list for PBXProject "factory-method_pattern" */;
			compatibilityVersion = "Xcode 14.0";
			developmentRegion = en;
			hasScannedForEncodings = 0;
			knownRegions = (
				en,
				Base,
			);
			mainGroup = 9512AD34290BACC600C4C288;
			productRefGroup = 9512AD3E290BACC600C4C288 /* Products */;
			projectDirPath = "";
			projectRoot = "";
			targets = (
				9512AD3C290BACC600C4C288 /* factory-method_pattern */,
			);
		};
/* End PBXProject section */

/* Begin PBXSourcesBuildPhase section */
		9512AD39290BACC600C4C288 /* Sources */ = {
			isa = PBXSourcesBuildPhase;
			buildActionMask = 2147483647;
			files = (
				9512AD48290BAFB300C4C288 /* PizzaStore.swift in Sources */,
				9512AD52290BB8B800C4C288 /* ChicagoPizzaStore.swift in Sources */,
				9512AD41290BACC600C4C288 /* main.swift in Sources */,
				9512AD4A290BB0E200C4C288 /* Pizza.swift in Sources */,
				9512AD4E290BB48F00C4C288 /* NYPizzaStore.swift in Sources */,
				9512AD50290BB58700C4C288 /* PizzaType.swift in Sources */,
			);
			runOnlyForDeploymentPostprocessing = 0;
		};
/* End PBXSourcesBuildPhase section */

/* Begin XCBuildConfiguration section */
		9512AD42290BACC600C4C288 /* Debug */ = {
			isa = XCBuildConfiguration;
			buildSettings = {
				ALWAYS_SEARCH_USER_PATHS = NO;
				CLANG_ANALYZER_NONNULL = YES;
				CLANG_ANALYZER_NUMBER_OBJECT_CONVERSION = YES_AGGRESSIVE;
				CLANG_CXX_LANGUAGE_STANDARD = "gnu++20";
				CLANG_ENABLE_MODULES = YES;
				CLANG_ENABLE_OBJC_ARC = YES;
				CLANG_ENABLE_OBJC_WEAK = YES;
				CLANG_WARN_BLOCK_CAPTURE_AUTORELEASING = YES;
				CLANG_WARN_BOOL_CONVERSION = YES;
				CLANG_WARN_COMMA = YES;
				CLANG_WARN_CONSTANT_CONVERSION = YES;
				CLANG_WARN_DEPRECATED_OBJC_IMPLEMENTATIONS = YES;
				CLANG_WARN_DIRECT_OBJC_ISA_USAGE = YES_ERROR;
				CLANG_WARN_DOCUMENTATION_COMMENTS = YES;
				CLANG_WARN_EMPTY_BODY = YES;
				CLANG_WARN_ENUM_CONVERSION = YES;
				CLANG_WARN_INFINITE_RECURSION = YES;
				CLANG_WARN_INT_CONVERSION = YES;
				CLANG_WARN_NON_LITERAL_NULL_CONVERSION = YES;
				CLANG_WARN_OBJC_IMPLICIT_RETAIN_SELF = YES;
				CLANG_WARN_OBJC_LITERAL_CONVERSION = YES;
				CLANG_WARN_OBJC_ROOT_CLASS = YES_ERROR;
				CLANG_WARN_QUOTED_INCLUDE_IN_FRAMEWORK_HEADER = YES;
				CLANG_WARN_RANGE_LOOP_ANALYSIS = YES;
				CLANG_WARN_STRICT_PROTOTYPES = YES;
				CLANG_WARN_SUSPICIOUS_MOVE = YES;
				CLANG_WARN_UNGUARDED_AVAILABILITY = YES_AGGRESSIVE;
				CLANG_WARN_UNREACHABLE_CODE = YES;
				CLANG_WARN__DUPLICATE_METHOD_MATCH = YES;
				COPY_PHASE_STRIP = NO;
				DEBUG_INFORMATION_FORMAT = dwarf;
				ENABLE_STRICT_OBJC_MSGSEND = YES;
				ENABLE_TESTABILITY = YES;
				GCC_C_LANGUAGE_STANDARD = gnu11;
				GCC_DYNAMIC_NO_PIC = NO;
				GCC_NO_COMMON_BLOCKS = YES;
				GCC_OPTIMIZATION_LEVEL = 0;
				GCC_PREPROCESSOR_DEFINITIONS = (
					"DEBUG=1",
					"$(inherited)",
				);
				GCC_WARN_64_TO_32_BIT_CONVERSION = YES;
				GCC_WARN_ABOUT_RETURN_TYPE = YES_ERROR;
				GCC_WARN_UNDECLARED_SELECTOR = YES;
				GCC_WARN_UNINITIALIZED_AUTOS = YES_AGGRESSIVE;
				GCC_WARN_UNUSED_FUNCTION = YES;
				GCC_WARN_UNUSED_VARIABLE = YES;
				MACOSX_DEPLOYMENT_TARGET = 12.3;
				MTL_ENABLE_DEBUG_INFO = INCLUDE_SOURCE;
				MTL_FAST_MATH = YES;
				ONLY_ACTIVE_ARCH = YES;
				SDKROOT = macosx;
				SWIFT_ACTIVE_COMPILATION_CONDITIONS = DEBUG;
				SWIFT_OPTIMIZATION_LEVEL = "-Onone";
			};
			name = Debug;
		};
		9512AD43290BACC600C4C288 /* Release */ = {
			isa = XCBuildConfiguration;
			buildSettings = {
				ALWAYS_SEARCH_USER_PATHS = NO;
				CLANG_ANALYZER_NONNULL = YES;
				CLANG_ANALYZER_NUMBER_OBJECT_CONVERSION = YES_AGGRESSIVE;
				CLANG_CXX_LANGUAGE_STANDARD = "gnu++20";
				CLANG_ENABLE_MODULES = YES;
				CLANG_ENABLE_OBJC_ARC = YES;
				CLANG_ENABLE_OBJC_WEAK = YES;
				CLANG_WARN_BLOCK_CAPTURE_AUTORELEASING = YES;
				CLANG_WARN_BOOL_CONVERSION = YES;
				CLANG_WARN_COMMA = YES;
				CLANG_WARN_CONSTANT_CONVERSION = YES;
				CLANG_WARN_DEPRECATED_OBJC_IMPLEMENTATIONS = YES;
				CLANG_WARN_DIRECT_OBJC_ISA_USAGE = YES_ERROR;
				CLANG_WARN_DOCUMENTATION_COMMENTS = YES;
				CLANG_WARN_EMPTY_BODY = YES;
				CLANG_WARN_ENUM_CONVERSION = YES;
				CLANG_WARN_INFINITE_RECURSION = YES;
				CLANG_WARN_INT_CONVERSION = YES;
				CLANG_WARN_NON_LITERAL_NULL_CONVERSION = YES;
				CLANG_WARN_OBJC_IMPLICIT_RETAIN_SELF = YES;
				CLANG_WARN_OBJC_LITERAL_CONVERSION = YES;
				CLANG_WARN_OBJC_ROOT_CLASS = YES_ERROR;
				CLANG_WARN_QUOTED_INCLUDE_IN_FRAMEWORK_HEADER = YES;
				CLANG_WARN_RANGE_LOOP_ANALYSIS = YES;
				CLANG_WARN_STRICT_PROTOTYPES = YES;
				CLANG_WARN_SUSPICIOUS_MOVE = YES;
				CLANG_WARN_UNGUARDED_AVAILABILITY = YES_AGGRESSIVE;
				CLANG_WARN_UNREACHABLE_CODE = YES;
				CLANG_WARN__DUPLICATE_METHOD_MATCH = YES;
				COPY_PHASE_STRIP = NO;
				DEBUG_INFORMATION_FORMAT = "dwarf-with-dsym";
				ENABLE_NS_ASSERTIONS = NO;
				ENABLE_STRICT_OBJC_MSGSEND = YES;
				GCC_C_LANGUAGE_STANDARD = gnu11;
				GCC_NO_COMMON_BLOCKS = YES;
				GCC_WARN_64_TO_32_BIT_CONVERSION = YES;
				GCC_WARN_ABOUT_RETURN_TYPE = YES_ERROR;
				GCC_WARN_UNDECLARED_SELECTOR = YES;
				GCC_WARN_UNINITIALIZED_AUTOS = YES_AGGRESSIVE;
				GCC_WARN_UNUSED_FUNCTION = YES;
				GCC_WARN_UNUSED_VARIABLE = YES;
				MACOSX_DEPLOYMENT_TARGET = 12.3;
				MTL_ENABLE_DEBUG_INFO = NO;
				MTL_FAST_MATH = YES;
				SDKROOT = macosx;
				SWIFT_COMPILATION_MODE = wholemodule;
				SWIFT_OPTIMIZATION_LEVEL = "-O";
			};
			name = Release;
		};
		9512AD45290BACC600C4C288 /* Debug */ = {
			isa = XCBuildConfiguration;
			buildSettings = {
				CODE_SIGN_STYLE = Automatic;
				DEVELOPMENT_TEAM = BPBA8YPCF4;
				ENABLE_HARDENED_RUNTIME = YES;
				PRODUCT_NAME = "$(TARGET_NAME)";
				SWIFT_VERSION = 5.0;
			};
			name = Debug;
		};
		9512AD46290BACC600C4C288 /* Release */ = {
			isa = XCBuildConfiguration;
			buildSettings = {
				CODE_SIGN_STYLE = Automatic;
				DEVELOPMENT_TEAM = BPBA8YPCF4;
				ENABLE_HARDENED_RUNTIME = YES;
				PRODUCT_NAME = "$(TARGET_NAME)";
				SWIFT_VERSION = 5.0;
			};
			name = Release;
		};
/* End XCBuildConfiguration section */

/* Begin XCConfigurationList section */
		9512AD38290BACC600C4C288 /* Build configuration list for PBXProject "factory-method_pattern" */ = {
			isa = XCConfigurationList;
			buildConfigurations = (
				9512AD42290BACC600C4C288 /* Debug */,
				9512AD43290BACC600C4C288 /* Release */,
			);
			defaultConfigurationIsVisible = 0;
			defaultConfigurationName = Release;
		};
		9512AD44290BACC600C4C288 /* Build configuration list for PBXNativeTarget "factory-method_pattern" */ = {
			isa = XCConfigurationList;
			buildConfigurations = (
				9512AD45290BACC600C4C288 /* Debug */,
				9512AD46290BACC600C4C288 /* Release */,
			);
			defaultConfigurationIsVisible = 0;
			defaultConfigurationName = Release;
		};
/* End XCConfigurationList section */
	};
	rootObject = 9512AD35290BACC600C4C288 /* Project object */;
}
