// !$*UTF8*$!
{
	archiveVersion = 1;
	classes = {
	};
	objectVersion = 56;
	objects = {

/* Begin PBXBuildFile section */
		953921DE290BC18E00B3DF84 /* main.swift in Sources */ = {isa = PBXBuildFile; fileRef = 953921DD290BC18E00B3DF84 /* main.swift */; };
		953921E5290BC64500B3DF84 /* Cocktail.swift in Sources */ = {isa = PBXBuildFile; fileRef = 953921E4290BC64500B3DF84 /* Cocktail.swift */; };
		953921E8290BC6B200B3DF84 /* CocktailDecorator.swift in Sources */ = {isa = PBXBuildFile; fileRef = 953921E7290BC6B200B3DF84 /* CocktailDecorator.swift */; };
		953921EA290BC76E00B3DF84 /* IceDecorator.swift in Sources */ = {isa = PBXBuildFile; fileRef = 953921E9290BC76E00B3DF84 /* IceDecorator.swift */; };
		9567D171290BC9B40095D44C /* CucumberDecorator.swift in Sources */ = {isa = PBXBuildFile; fileRef = 9567D170290BC9B40095D44C /* CucumberDecorator.swift */; };
		9567D173290BCB920095D44C /* LemonDecorator.swift in Sources */ = {isa = PBXBuildFile; fileRef = 9567D172290BCB920095D44C /* LemonDecorator.swift */; };
		9567D175290BCC1A0095D44C /* GoldLeafDecorator.swift in Sources */ = {isa = PBXBuildFile; fileRef = 9567D174290BCC1A0095D44C /* GoldLeafDecorator.swift */; };
		9567D177290BCCB60095D44C /* GinTonic.swift in Sources */ = {isa = PBXBuildFile; fileRef = 9567D176290BCCB60095D44C /* GinTonic.swift */; };
		9567D17A290BD0B90095D44C /* VodkaOrange.swift in Sources */ = {isa = PBXBuildFile; fileRef = 9567D179290BD0B90095D44C /* VodkaOrange.swift */; };
/* End PBXBuildFile section */

/* Begin PBXCopyFilesBuildPhase section */
		953921D8290BC18E00B3DF84 /* CopyFiles */ = {
			isa = PBXCopyFilesBuildPhase;
			buildActionMask = 2147483647;
			dstPath = /usr/share/man/man1/;
			dstSubfolderSpec = 0;
			files = (
			);
			runOnlyForDeploymentPostprocessing = 1;
		};
/* End PBXCopyFilesBuildPhase section */

/* Begin PBXFileReference section */
		953921DA290BC18E00B3DF84 /* decorator-pattern */ = {isa = PBXFileReference; explicitFileType = "compiled.mach-o.executable"; includeInIndex = 0; path = "decorator-pattern"; sourceTree = BUILT_PRODUCTS_DIR; };
		953921DD290BC18E00B3DF84 /* main.swift */ = {isa = PBXFileReference; lastKnownFileType = sourcecode.swift; path = main.swift; sourceTree = "<group>"; };
		953921E4290BC64500B3DF84 /* Cocktail.swift */ = {isa = PBXFileReference; lastKnownFileType = sourcecode.swift; path = Cocktail.swift; sourceTree = "<group>"; };
		953921E7290BC6B200B3DF84 /* CocktailDecorator.swift */ = {isa = PBXFileReference; lastKnownFileType = sourcecode.swift; path = CocktailDecorator.swift; sourceTree = "<group>"; };
		953921E9290BC76E00B3DF84 /* IceDecorator.swift */ = {isa = PBXFileReference; lastKnownFileType = sourcecode.swift; path = IceDecorator.swift; sourceTree = "<group>"; };
		9567D170290BC9B40095D44C /* CucumberDecorator.swift */ = {isa = PBXFileReference; lastKnownFileType = sourcecode.swift; path = CucumberDecorator.swift; sourceTree = "<group>"; };
		9567D172290BCB920095D44C /* LemonDecorator.swift */ = {isa = PBXFileReference; lastKnownFileType = sourcecode.swift; path = LemonDecorator.swift; sourceTree = "<group>"; };
		9567D174290BCC1A0095D44C /* GoldLeafDecorator.swift */ = {isa = PBXFileReference; lastKnownFileType = sourcecode.swift; path = GoldLeafDecorator.swift; sourceTree = "<group>"; };
		9567D176290BCCB60095D44C /* GinTonic.swift */ = {isa = PBXFileReference; lastKnownFileType = sourcecode.swift; path = GinTonic.swift; sourceTree = "<group>"; };
		9567D179290BD0B90095D44C /* VodkaOrange.swift */ = {isa = PBXFileReference; lastKnownFileType = sourcecode.swift; path = VodkaOrange.swift; sourceTree = "<group>"; };
/* End PBXFileReference section */

/* Begin PBXFrameworksBuildPhase section */
		953921D7290BC18E00B3DF84 /* Frameworks */ = {
			isa = PBXFrameworksBuildPhase;
			buildActionMask = 2147483647;
			files = (
			);
			runOnlyForDeploymentPostprocessing = 0;
		};
/* End PBXFrameworksBuildPhase section */

/* Begin PBXGroup section */
		953921D1290BC18E00B3DF84 = {
			isa = PBXGroup;
			children = (
				953921DC290BC18E00B3DF84 /* decorator-pattern */,
				953921DB290BC18E00B3DF84 /* Products */,
			);
			sourceTree = "<group>";
		};
		953921DB290BC18E00B3DF84 /* Products */ = {
			isa = PBXGroup;
			children = (
				953921DA290BC18E00B3DF84 /* decorator-pattern */,
			);
			name = Products;
			sourceTree = "<group>";
		};
		953921DC290BC18E00B3DF84 /* decorator-pattern */ = {
			isa = PBXGroup;
			children = (
				953921DD290BC18E00B3DF84 /* main.swift */,
				953921E6290BC69600B3DF84 /* Source */,
			);
			path = "decorator-pattern";
			sourceTree = "<group>";
		};
		953921E6290BC69600B3DF84 /* Source */ = {
			isa = PBXGroup;
			children = (
				953921E7290BC6B200B3DF84 /* CocktailDecorator.swift */,
				953921E4290BC64500B3DF84 /* Cocktail.swift */,
				9567D178290BD0170095D44C /* Cocktails */,
				953921EB290BC77400B3DF84 /* Decorators */,
			);
			path = Source;
			sourceTree = "<group>";
		};
		953921EB290BC77400B3DF84 /* Decorators */ = {
			isa = PBXGroup;
			children = (
				953921E9290BC76E00B3DF84 /* IceDecorator.swift */,
				9567D172290BCB920095D44C /* LemonDecorator.swift */,
				9567D174290BCC1A0095D44C /* GoldLeafDecorator.swift */,
				9567D170290BC9B40095D44C /* CucumberDecorator.swift */,
			);
			path = Decorators;
			sourceTree = "<group>";
		};
		9567D178290BD0170095D44C /* Cocktails */ = {
			isa = PBXGroup;
			children = (
				9567D176290BCCB60095D44C /* GinTonic.swift */,
				9567D179290BD0B90095D44C /* VodkaOrange.swift */,
			);
			path = Cocktails;
			sourceTree = "<group>";
		};
/* End PBXGroup section */

/* Begin PBXNativeTarget section */
		953921D9290BC18E00B3DF84 /* decorator-pattern */ = {
			isa = PBXNativeTarget;
			buildConfigurationList = 953921E1290BC18E00B3DF84 /* Build configuration list for PBXNativeTarget "decorator-pattern" */;
			buildPhases = (
				953921D6290BC18E00B3DF84 /* Sources */,
				953921D7290BC18E00B3DF84 /* Frameworks */,
				953921D8290BC18E00B3DF84 /* CopyFiles */,
			);
			buildRules = (
			);
			dependencies = (
			);
			name = "decorator-pattern";
			productName = "decorator-pattern";
			productReference = 953921DA290BC18E00B3DF84 /* decorator-pattern */;
			productType = "com.apple.product-type.tool";
		};
/* End PBXNativeTarget section */

/* Begin PBXProject section */
		953921D2290BC18E00B3DF84 /* Project object */ = {
			isa = PBXProject;
			attributes = {
				BuildIndependentTargetsInParallel = 1;
				LastSwiftUpdateCheck = 1400;
				LastUpgradeCheck = 1400;
				TargetAttributes = {
					953921D9290BC18E00B3DF84 = {
						CreatedOnToolsVersion = 14.0.1;
					};
				};
			};
			buildConfigurationList = 953921D5290BC18E00B3DF84 /* Build configuration list for PBXProject "decorator-pattern" */;
			compatibilityVersion = "Xcode 14.0";
			developmentRegion = en;
			hasScannedForEncodings = 0;
			knownRegions = (
				en,
				Base,
			);
			mainGroup = 953921D1290BC18E00B3DF84;
			productRefGroup = 953921DB290BC18E00B3DF84 /* Products */;
			projectDirPath = "";
			projectRoot = "";
			targets = (
				953921D9290BC18E00B3DF84 /* decorator-pattern */,
			);
		};
/* End PBXProject section */

/* Begin PBXSourcesBuildPhase section */
		953921D6290BC18E00B3DF84 /* Sources */ = {
			isa = PBXSourcesBuildPhase;
			buildActionMask = 2147483647;
			files = (
				953921E5290BC64500B3DF84 /* Cocktail.swift in Sources */,
				9567D171290BC9B40095D44C /* CucumberDecorator.swift in Sources */,
				9567D175290BCC1A0095D44C /* GoldLeafDecorator.swift in Sources */,
				953921EA290BC76E00B3DF84 /* IceDecorator.swift in Sources */,
				9567D177290BCCB60095D44C /* GinTonic.swift in Sources */,
				9567D173290BCB920095D44C /* LemonDecorator.swift in Sources */,
				953921DE290BC18E00B3DF84 /* main.swift in Sources */,
				953921E8290BC6B200B3DF84 /* CocktailDecorator.swift in Sources */,
				9567D17A290BD0B90095D44C /* VodkaOrange.swift in Sources */,
			);
			runOnlyForDeploymentPostprocessing = 0;
		};
/* End PBXSourcesBuildPhase section */

/* Begin XCBuildConfiguration section */
		953921DF290BC18E00B3DF84 /* Debug */ = {
			isa = XCBuildConfiguration;
			buildSettings = {
				ALWAYS_SEARCH_USER_PATHS = NO;
				CLANG_ANALYZER_NONNULL = YES;
				CLANG_ANALYZER_NUMBER_OBJECT_CONVERSION = YES_AGGRESSIVE;
				CLANG_CXX_LANGUAGE_STANDARD = "gnu++20";
				CLANG_ENABLE_MODULES = YES;
				CLANG_ENABLE_OBJC_ARC = YES;
				CLANG_ENABLE_OBJC_WEAK = YES;
				CLANG_WARN_BLOCK_CAPTURE_AUTORELEASING = YES;
				CLANG_WARN_BOOL_CONVERSION = YES;
				CLANG_WARN_COMMA = YES;
				CLANG_WARN_CONSTANT_CONVERSION = YES;
				CLANG_WARN_DEPRECATED_OBJC_IMPLEMENTATIONS = YES;
				CLANG_WARN_DIRECT_OBJC_ISA_USAGE = YES_ERROR;
				CLANG_WARN_DOCUMENTATION_COMMENTS = YES;
				CLANG_WARN_EMPTY_BODY = YES;
				CLANG_WARN_ENUM_CONVERSION = YES;
				CLANG_WARN_INFINITE_RECURSION = YES;
				CLANG_WARN_INT_CONVERSION = YES;
				CLANG_WARN_NON_LITERAL_NULL_CONVERSION = YES;
				CLANG_WARN_OBJC_IMPLICIT_RETAIN_SELF = YES;
				CLANG_WARN_OBJC_LITERAL_CONVERSION = YES;
				CLANG_WARN_OBJC_ROOT_CLASS = YES_ERROR;
				CLANG_WARN_QUOTED_INCLUDE_IN_FRAMEWORK_HEADER = YES;
				CLANG_WARN_RANGE_LOOP_ANALYSIS = YES;
				CLANG_WARN_STRICT_PROTOTYPES = YES;
				CLANG_WARN_SUSPICIOUS_MOVE = YES;
				CLANG_WARN_UNGUARDED_AVAILABILITY = YES_AGGRESSIVE;
				CLANG_WARN_UNREACHABLE_CODE = YES;
				CLANG_WARN__DUPLICATE_METHOD_MATCH = YES;
				COPY_PHASE_STRIP = NO;
				DEBUG_INFORMATION_FORMAT = dwarf;
				ENABLE_STRICT_OBJC_MSGSEND = YES;
				ENABLE_TESTABILITY = YES;
				GCC_C_LANGUAGE_STANDARD = gnu11;
				GCC_DYNAMIC_NO_PIC = NO;
				GCC_NO_COMMON_BLOCKS = YES;
				GCC_OPTIMIZATION_LEVEL = 0;
				GCC_PREPROCESSOR_DEFINITIONS = (
					"DEBUG=1",
					"$(inherited)",
				);
				GCC_WARN_64_TO_32_BIT_CONVERSION = YES;
				GCC_WARN_ABOUT_RETURN_TYPE = YES_ERROR;
				GCC_WARN_UNDECLARED_SELECTOR = YES;
				GCC_WARN_UNINITIALIZED_AUTOS = YES_AGGRESSIVE;
				GCC_WARN_UNUSED_FUNCTION = YES;
				GCC_WARN_UNUSED_VARIABLE = YES;
				MACOSX_DEPLOYMENT_TARGET = 12.3;
				MTL_ENABLE_DEBUG_INFO = INCLUDE_SOURCE;
				MTL_FAST_MATH = YES;
				ONLY_ACTIVE_ARCH = YES;
				SDKROOT = macosx;
				SWIFT_ACTIVE_COMPILATION_CONDITIONS = DEBUG;
				SWIFT_OPTIMIZATION_LEVEL = "-Onone";
			};
			name = Debug;
		};
		953921E0290BC18E00B3DF84 /* Release */ = {
			isa = XCBuildConfiguration;
			buildSettings = {
				ALWAYS_SEARCH_USER_PATHS = NO;
				CLANG_ANALYZER_NONNULL = YES;
				CLANG_ANALYZER_NUMBER_OBJECT_CONVERSION = YES_AGGRESSIVE;
				CLANG_CXX_LANGUAGE_STANDARD = "gnu++20";
				CLANG_ENABLE_MODULES = YES;
				CLANG_ENABLE_OBJC_ARC = YES;
				CLANG_ENABLE_OBJC_WEAK = YES;
				CLANG_WARN_BLOCK_CAPTURE_AUTORELEASING = YES;
				CLANG_WARN_BOOL_CONVERSION = YES;
				CLANG_WARN_COMMA = YES;
				CLANG_WARN_CONSTANT_CONVERSION = YES;
				CLANG_WARN_DEPRECATED_OBJC_IMPLEMENTATIONS = YES;
				CLANG_WARN_DIRECT_OBJC_ISA_USAGE = YES_ERROR;
				CLANG_WARN_DOCUMENTATION_COMMENTS = YES;
				CLANG_WARN_EMPTY_BODY = YES;
				CLANG_WARN_ENUM_CONVERSION = YES;
				CLANG_WARN_INFINITE_RECURSION = YES;
				CLANG_WARN_INT_CONVERSION = YES;
				CLANG_WARN_NON_LITERAL_NULL_CONVERSION = YES;
				CLANG_WARN_OBJC_IMPLICIT_RETAIN_SELF = YES;
				CLANG_WARN_OBJC_LITERAL_CONVERSION = YES;
				CLANG_WARN_OBJC_ROOT_CLASS = YES_ERROR;
				CLANG_WARN_QUOTED_INCLUDE_IN_FRAMEWORK_HEADER = YES;
				CLANG_WARN_RANGE_LOOP_ANALYSIS = YES;
				CLANG_WARN_STRICT_PROTOTYPES = YES;
				CLANG_WARN_SUSPICIOUS_MOVE = YES;
				CLANG_WARN_UNGUARDED_AVAILABILITY = YES_AGGRESSIVE;
				CLANG_WARN_UNREACHABLE_CODE = YES;
				CLANG_WARN__DUPLICATE_METHOD_MATCH = YES;
				COPY_PHASE_STRIP = NO;
				DEBUG_INFORMATION_FORMAT = "dwarf-with-dsym";
				ENABLE_NS_ASSERTIONS = NO;
				ENABLE_STRICT_OBJC_MSGSEND = YES;
				GCC_C_LANGUAGE_STANDARD = gnu11;
				GCC_NO_COMMON_BLOCKS = YES;
				GCC_WARN_64_TO_32_BIT_CONVERSION = YES;
				GCC_WARN_ABOUT_RETURN_TYPE = YES_ERROR;
				GCC_WARN_UNDECLARED_SELECTOR = YES;
				GCC_WARN_UNINITIALIZED_AUTOS = YES_AGGRESSIVE;
				GCC_WARN_UNUSED_FUNCTION = YES;
				GCC_WARN_UNUSED_VARIABLE = YES;
				MACOSX_DEPLOYMENT_TARGET = 12.3;
				MTL_ENABLE_DEBUG_INFO = NO;
				MTL_FAST_MATH = YES;
				SDKROOT = macosx;
				SWIFT_COMPILATION_MODE = wholemodule;
				SWIFT_OPTIMIZATION_LEVEL = "-O";
			};
			name = Release;
		};
		953921E2290BC18E00B3DF84 /* Debug */ = {
			isa = XCBuildConfiguration;
			buildSettings = {
				"CODE_SIGN_IDENTITY[sdk=macosx*]" = "-";
				CODE_SIGN_STYLE = Automatic;
				DEVELOPMENT_TEAM = "";
				PRODUCT_NAME = "$(TARGET_NAME)";
				SWIFT_VERSION = 5.0;
			};
			name = Debug;
		};
		953921E3290BC18E00B3DF84 /* Release */ = {
			isa = XCBuildConfiguration;
			buildSettings = {
				"CODE_SIGN_IDENTITY[sdk=macosx*]" = "-";
				CODE_SIGN_STYLE = Automatic;
				DEVELOPMENT_TEAM = "";
				PRODUCT_NAME = "$(TARGET_NAME)";
				SWIFT_VERSION = 5.0;
			};
			name = Release;
		};
/* End XCBuildConfiguration section */

/* Begin XCConfigurationList section */
		953921D5290BC18E00B3DF84 /* Build configuration list for PBXProject "decorator-pattern" */ = {
			isa = XCConfigurationList;
			buildConfigurations = (
				953921DF290BC18E00B3DF84 /* Debug */,
				953921E0290BC18E00B3DF84 /* Release */,
			);
			defaultConfigurationIsVisible = 0;
			defaultConfigurationName = Release;
		};
		953921E1290BC18E00B3DF84 /* Build configuration list for PBXNativeTarget "decorator-pattern" */ = {
			isa = XCConfigurationList;
			buildConfigurations = (
				953921E2290BC18E00B3DF84 /* Debug */,
				953921E3290BC18E00B3DF84 /* Release */,
			);
			defaultConfigurationIsVisible = 0;
			defaultConfigurationName = Release;
		};
/* End XCConfigurationList section */
	};
	rootObject = 953921D2290BC18E00B3DF84 /* Project object */;
}
